
Microsoft Visual Studio Solution File, Format Version 12.00
# Visual Studio Version 16
VisualStudioVersion = 16.0.31205.134
MinimumVisualStudioVersion = 10.0.40219.1
Project("{FAE04EC0-301F-11D3-BF4B-00C04F79EFBC}") = "WebApplicationDot", "WebApplicationDot\WebApplicationDot.csproj", "{7129CE78-ACB0-48B0-ADDF-E9E2012764AD}"
EndProject
Global
	GlobalSection(SolutionConfigurationPlatforms) = preSolution
		Debug|Any CPU = Debug|Any CPU
		Release|Any CPU = Release|Any CPU
	EndGlobalSection
	GlobalSection(ProjectConfigurationPlatforms) = postSolution
		{7129CE78-ACB0-48B0-ADDF-E9E2012764AD}.Debug|Any CPU.ActiveCfg = Debug|Any CPU
		{7129CE78-ACB0-48B0-ADDF-E9E2012764AD}.Debug|Any CPU.Build.0 = Debug|Any CPU
		{7129CE78-ACB0-48B0-ADDF-E9E2012764AD}.Release|Any CPU.ActiveCfg = Release|Any CPU
		{7129CE78-ACB0-48B0-ADDF-E9E2012764AD}.Release|Any CPU.Build.0 = Release|Any CPU
	EndGlobalSection
	GlobalSection(SolutionProperties) = preSolution
		HideSolutionNode = FALSE
	EndGlobalSection
	GlobalSection(ExtensibilityGlobals) = postSolution
		SolutionGuid = {34E9FBD6-9C7F-4E13-BA77-0CA6E77AF9E0}
	EndGlobalSection
EndGlobal
